{
  "name": "cradleplatform",
  "version": "1.0.0",
  "lockfileVersion": 1,
  "requires": true,
  "dependencies": {
    "vue-dropdowns": {
      "version": "1.1.1",
      "resolved": "https://registry.npmjs.org/vue-dropdowns/-/vue-dropdowns-1.1.1.tgz",
      "integrity": "sha512-QrdW52Kf/i9FLNk0b7Kussw3BO4anMkLEdzwaXgNWssegFvHKGyn/gYV0srHsjE/OxZ4xGa1lqU8bYysww4HQQ=="
    }
  }
}
